
Microsoft Visual Studio Solution File, Format Version 12.00
# Visual Studio 15
VisualStudioVersion = 15.0.28307.329
MinimumVisualStudioVersion = 10.0.40219.1
Project("{00D1A9C2-B5F0-4AF3-8072-F6C62B433612}") = "dataWarehouseSucos", "dataWarehouseSucos\dataWarehouseSucos.sqlproj", "{F51EE260-7BDA-404A-9F19-ED53D8610BFA}"
EndProject
Project("{159641D6-6404-4A2A-AE62-294DE0FE8301}") = "cargaDataWarehouse", "cargaDataWarehouse\cargaDataWarehouse.dtproj", "{62D924F8-7C1A-417F-84FC-43D7EE50B634}"
EndProject
Project("{D2ABAB84-BF74-430A-B69E-9DC6D40DDA17}") = "olapSucos", "olapSucos\olapSucos.dwproj", "{8BE7B722-5C9E-4819-BB38-9F85E31B53E6}"
EndProject
Global
	GlobalSection(SolutionConfigurationPlatforms) = preSolution
		Debug|Any CPU = Debug|Any CPU
		Development|Any CPU = Development|Any CPU
		Release|Any CPU = Release|Any CPU
	EndGlobalSection
	GlobalSection(ProjectConfigurationPlatforms) = postSolution
		{F51EE260-7BDA-404A-9F19-ED53D8610BFA}.Debug|Any CPU.ActiveCfg = Debug|Any CPU
		{F51EE260-7BDA-404A-9F19-ED53D8610BFA}.Debug|Any CPU.Build.0 = Debug|Any CPU
		{F51EE260-7BDA-404A-9F19-ED53D8610BFA}.Debug|Any CPU.Deploy.0 = Debug|Any CPU
		{F51EE260-7BDA-404A-9F19-ED53D8610BFA}.Development|Any CPU.ActiveCfg = Debug|Any CPU
		{F51EE260-7BDA-404A-9F19-ED53D8610BFA}.Development|Any CPU.Build.0 = Debug|Any CPU
		{F51EE260-7BDA-404A-9F19-ED53D8610BFA}.Development|Any CPU.Deploy.0 = Debug|Any CPU
		{F51EE260-7BDA-404A-9F19-ED53D8610BFA}.Release|Any CPU.ActiveCfg = Release|Any CPU
		{F51EE260-7BDA-404A-9F19-ED53D8610BFA}.Release|Any CPU.Build.0 = Release|Any CPU
		{F51EE260-7BDA-404A-9F19-ED53D8610BFA}.Release|Any CPU.Deploy.0 = Release|Any CPU
		{62D924F8-7C1A-417F-84FC-43D7EE50B634}.Debug|Any CPU.ActiveCfg = Development
		{62D924F8-7C1A-417F-84FC-43D7EE50B634}.Debug|Any CPU.Build.0 = Development
		{62D924F8-7C1A-417F-84FC-43D7EE50B634}.Development|Any CPU.ActiveCfg = Development
		{62D924F8-7C1A-417F-84FC-43D7EE50B634}.Development|Any CPU.Build.0 = Development
		{62D924F8-7C1A-417F-84FC-43D7EE50B634}.Release|Any CPU.ActiveCfg = Development
		{62D924F8-7C1A-417F-84FC-43D7EE50B634}.Release|Any CPU.Build.0 = Development
		{8BE7B722-5C9E-4819-BB38-9F85E31B53E6}.Debug|Any CPU.ActiveCfg = Development
		{8BE7B722-5C9E-4819-BB38-9F85E31B53E6}.Debug|Any CPU.Build.0 = Development
		{8BE7B722-5C9E-4819-BB38-9F85E31B53E6}.Debug|Any CPU.Deploy.0 = Development
		{8BE7B722-5C9E-4819-BB38-9F85E31B53E6}.Development|Any CPU.ActiveCfg = Development
		{8BE7B722-5C9E-4819-BB38-9F85E31B53E6}.Development|Any CPU.Build.0 = Development
		{8BE7B722-5C9E-4819-BB38-9F85E31B53E6}.Development|Any CPU.Deploy.0 = Development
		{8BE7B722-5C9E-4819-BB38-9F85E31B53E6}.Release|Any CPU.ActiveCfg = Development
		{8BE7B722-5C9E-4819-BB38-9F85E31B53E6}.Release|Any CPU.Build.0 = Development
		{8BE7B722-5C9E-4819-BB38-9F85E31B53E6}.Release|Any CPU.Deploy.0 = Development
	EndGlobalSection
	GlobalSection(SolutionProperties) = preSolution
		HideSolutionNode = FALSE
	EndGlobalSection
	GlobalSection(ExtensibilityGlobals) = postSolution
		SolutionGuid = {DE779EC3-F41D-4090-8631-B09715E7C221}
	EndGlobalSection
EndGlobal
